
Microsoft Visual Studio Solution File, Format Version 12.00
# Visual Studio Version 17
VisualStudioVersion = 17.5.33424.131
MinimumVisualStudioVersion = 10.0.40219.1
Project("{FAE04EC0-301F-11D3-BF4B-00C04F79EFBC}") = "WebAPIwithLiteDB", "WebAPIwithLiteDB\WebAPIwithLiteDB.csproj", "{6FFB2432-A55A-4175-BE27-DF3887A599FE}"
EndProject
Global
	GlobalSection(SolutionConfigurationPlatforms) = preSolution
		Debug|Any CPU = Debug|Any CPU
		Release|Any CPU = Release|Any CPU
	EndGlobalSection
	GlobalSection(ProjectConfigurationPlatforms) = postSolution
		{6FFB2432-A55A-4175-BE27-DF3887A599FE}.Debug|Any CPU.ActiveCfg = Debug|Any CPU
		{6FFB2432-A55A-4175-BE27-DF3887A599FE}.Debug|Any CPU.Build.0 = Debug|Any CPU
		{6FFB2432-A55A-4175-BE27-DF3887A599FE}.Release|Any CPU.ActiveCfg = Release|Any CPU
		{6FFB2432-A55A-4175-BE27-DF3887A599FE}.Release|Any CPU.Build.0 = Release|Any CPU
	EndGlobalSection
	GlobalSection(SolutionProperties) = preSolution
		HideSolutionNode = FALSE
	EndGlobalSection
	GlobalSection(ExtensibilityGlobals) = postSolution
		SolutionGuid = {B4B75B34-81AD-49B5-AD31-D84A6D39BB7F}
	EndGlobalSection
EndGlobal
